// !$*UTF8*$!
{
	archiveVersion = 1;
	classes = {
	};
	objectVersion = 50;
	objects = {

/* Begin PBXBuildFile section */
		473526F224F28F7D00A23580 /* ActionLabel.swift in Sources */ = {isa = PBXBuildFile; fileRef = 473526F124F28F7D00A23580 /* ActionLabel.swift */; };
		473526F424F28FED00A23580 /* SignUpViewController.swift in Sources */ = {isa = PBXBuildFile; fileRef = 473526F324F28FED00A23580 /* SignUpViewController.swift */; };
		473526F924F2A57900A23580 /* TextFieldContainerViewDelegate.swift in Sources */ = {isa = PBXBuildFile; fileRef = 473526F824F2A57900A23580 /* TextFieldContainerViewDelegate.swift */; };
		473526FB24F2A64C00A23580 /* Locale+Extensions.swift in Sources */ = {isa = PBXBuildFile; fileRef = 473526FA24F2A64C00A23580 /* Locale+Extensions.swift */; };
		4735270324F2A6B100A23580 /* UIImage+Extensions.swift in Sources */ = {isa = PBXBuildFile; fileRef = 4735270224F2A6B100A23580 /* UIImage+Extensions.swift */; };
		4735270524F2A6DA00A23580 /* UIApplication+Extensions.swift in Sources */ = {isa = PBXBuildFile; fileRef = 4735270424F2A6DA00A23580 /* UIApplication+Extensions.swift */; };
		4735270724F2A71900A23580 /* UIViewController+Extensions.swift in Sources */ = {isa = PBXBuildFile; fileRef = 4735270624F2A71900A23580 /* UIViewController+Extensions.swift */; };
		4735270924F2A73900A23580 /* UIAlertController+Extensions.swift in Sources */ = {isa = PBXBuildFile; fileRef = 4735270824F2A73900A23580 /* UIAlertController+Extensions.swift */; };
		4735270B24F2A75400A23580 /* UIView+Extensions.swift in Sources */ = {isa = PBXBuildFile; fileRef = 4735270A24F2A75400A23580 /* UIView+Extensions.swift */; };
		4735270E24F2ADD500A23580 /* UIBarButtonItem+Extensions.swift in Sources */ = {isa = PBXBuildFile; fileRef = 4735270D24F2ADD500A23580 /* UIBarButtonItem+Extensions.swift */; };
		4735271424F2C5D900A23580 /* LoadingView.swift in Sources */ = {isa = PBXBuildFile; fileRef = 4735271324F2C5D900A23580 /* LoadingView.swift */; };
		4735271624F2E31500A23580 /* AlertPresenting.swift in Sources */ = {isa = PBXBuildFile; fileRef = 4735271524F2E31500A23580 /* AlertPresenting.swift */; };
		4759277624F36451005D0E26 /* SeparaterView.swift in Sources */ = {isa = PBXBuildFile; fileRef = 4759277524F36451005D0E26 /* SeparaterView.swift */; };
		4759277824F36922005D0E26 /* PaddedTextField.swift in Sources */ = {isa = PBXBuildFile; fileRef = 4759277724F36922005D0E26 /* PaddedTextField.swift */; };
		4759277A24F37622005D0E26 /* String+Extensions.swift in Sources */ = {isa = PBXBuildFile; fileRef = 4759277924F37622005D0E26 /* String+Extensions.swift */; };
		4759277E24F38554005D0E26 /* LoginUser.swift in Sources */ = {isa = PBXBuildFile; fileRef = 4759277D24F38554005D0E26 /* LoginUser.swift */; };
		4759278024F38C91005D0E26 /* AuthManager.swift in Sources */ = {isa = PBXBuildFile; fileRef = 4759277F24F38C91005D0E26 /* AuthManager.swift */; };
		4767BDC424F1D33000DD6211 /* LoginViewController.swift in Sources */ = {isa = PBXBuildFile; fileRef = 4767BDC324F1D33000DD6211 /* LoginViewController.swift */; };
		4796401424F204400013FB98 /* LocalePickerViewController.swift in Sources */ = {isa = PBXBuildFile; fileRef = 4796401324F204400013FB98 /* LocalePickerViewController.swift */; };
		4796401624F210FF0013FB98 /* LoginView.swift in Sources */ = {isa = PBXBuildFile; fileRef = 4796401524F210FF0013FB98 /* LoginView.swift */; };
		4796401824F212E90013FB98 /* LoginTitleView.swift in Sources */ = {isa = PBXBuildFile; fileRef = 4796401724F212E90013FB98 /* LoginTitleView.swift */; };
		4796401A24F21A280013FB98 /* TextFieldContainerView.swift in Sources */ = {isa = PBXBuildFile; fileRef = 4796401924F21A280013FB98 /* TextFieldContainerView.swift */; };
		47A3DAFF24F3CF2100E28269 /* DBHelper.swift in Sources */ = {isa = PBXBuildFile; fileRef = 47A3DAFE24F3CF2100E28269 /* DBHelper.swift */; };
		47A3DB0124F3F76400E28269 /* UITextField+Extensions.swift in Sources */ = {isa = PBXBuildFile; fileRef = 47A3DB0024F3F76400E28269 /* UITextField+Extensions.swift */; };
		47AF554424F1D89E0021A79B /* libsqlite3.tbd in Frameworks */ = {isa = PBXBuildFile; fileRef = 47AF554324F1D8970021A79B /* libsqlite3.tbd */; };
		47AF557D24F1EA020021A79B /* CountryTableViewCell.swift in Sources */ = {isa = PBXBuildFile; fileRef = 47AF557824F1EA010021A79B /* CountryTableViewCell.swift */; };
		47AF557E24F1EA020021A79B /* LocaleInfo.swift in Sources */ = {isa = PBXBuildFile; fileRef = 47AF557C24F1EA020021A79B /* LocaleInfo.swift */; };
		47AF557F24F1EA020021A79B /* LocaleManager.swift in Sources */ = {isa = PBXBuildFile; fileRef = 47AF557A24F1EA010021A79B /* LocaleManager.swift */; };
		47AF558024F1EB2B0021A79B /* Countries.bundle in Resources */ = {isa = PBXBuildFile; fileRef = 47AF557624F1EA010021A79B /* Countries.bundle */; };
		47AFF86324EF8CF5009D058B /* AppDelegate.swift in Sources */ = {isa = PBXBuildFile; fileRef = 47AFF86224EF8CF5009D058B /* AppDelegate.swift */; };
		47AFF86524EF8CF5009D058B /* SceneDelegate.swift in Sources */ = {isa = PBXBuildFile; fileRef = 47AFF86424EF8CF5009D058B /* SceneDelegate.swift */; };
		47AFF86724EF8CF5009D058B /* UsersViewController.swift in Sources */ = {isa = PBXBuildFile; fileRef = 47AFF86624EF8CF5009D058B /* UsersViewController.swift */; };
		47AFF86C24EF8CF6009D058B /* Assets.xcassets in Resources */ = {isa = PBXBuildFile; fileRef = 47AFF86B24EF8CF6009D058B /* Assets.xcassets */; };
		47AFF86F24EF8CF6009D058B /* LaunchScreen.storyboard in Resources */ = {isa = PBXBuildFile; fileRef = 47AFF86D24EF8CF6009D058B /* LaunchScreen.storyboard */; };
		47AFF87A24EF8CF6009D058B /* CodingChallengeTests.swift in Sources */ = {isa = PBXBuildFile; fileRef = 47AFF87924EF8CF6009D058B /* CodingChallengeTests.swift */; };
		47AFF88524EF8CF6009D058B /* CodingChallengeUITests.swift in Sources */ = {isa = PBXBuildFile; fileRef = 47AFF88424EF8CF6009D058B /* CodingChallengeUITests.swift */; };
		47AFF89724EF8F9D009D058B /* NavigationController.swift in Sources */ = {isa = PBXBuildFile; fileRef = 47AFF89624EF8F9D009D058B /* NavigationController.swift */; };
		47AFF89A24EF926A009D058B /* UsersTableViewCell.swift in Sources */ = {isa = PBXBuildFile; fileRef = 47AFF89924EF926A009D058B /* UsersTableViewCell.swift */; };
		47AFF8A024EF95B0009D058B /* UsersManager.swift in Sources */ = {isa = PBXBuildFile; fileRef = 47AFF89F24EF95B0009D058B /* UsersManager.swift */; };
		47B1441024F13F2E00CAE7B0 /* User.swift in Sources */ = {isa = PBXBuildFile; fileRef = 47B1440F24F13F2E00CAE7B0 /* User.swift */; };
		47B1441224F14EFA00CAE7B0 /* UserViewController.swift in Sources */ = {isa = PBXBuildFile; fileRef = 47B1441124F14EFA00CAE7B0 /* UserViewController.swift */; };
		47E8D9FD24F309990011DB3D /* SignUpPage1.swift in Sources */ = {isa = PBXBuildFile; fileRef = 47E8D9FC24F309990011DB3D /* SignUpPage1.swift */; };
		47E8D9FF24F309DB0011DB3D /* SignUpPage2.swift in Sources */ = {isa = PBXBuildFile; fileRef = 47E8D9FE24F309DB0011DB3D /* SignUpPage2.swift */; };
		47E8DA0124F309F10011DB3D /* SignUpPage3.swift in Sources */ = {isa = PBXBuildFile; fileRef = 47E8DA0024F309F10011DB3D /* SignUpPage3.swift */; };
		47E8DA0324F30A050011DB3D /* SignUpPage4.swift in Sources */ = {isa = PBXBuildFile; fileRef = 47E8DA0224F30A050011DB3D /* SignUpPage4.swift */; };
		47E8DA0624F30BDF0011DB3D /* SignUpPage.swift in Sources */ = {isa = PBXBuildFile; fileRef = 47E8DA0524F30BDF0011DB3D /* SignUpPage.swift */; };
		47F7311D24F17A120027B41C /* UsersManagerDelegate.swift in Sources */ = {isa = PBXBuildFile; fileRef = 47F7311C24F17A120027B41C /* UsersManagerDelegate.swift */; };
		47F7312124F186BE0027B41C /* UserTableViewCell.swift in Sources */ = {isa = PBXBuildFile; fileRef = 47F7312024F186BE0027B41C /* UserTableViewCell.swift */; };
/* End PBXBuildFile section */

/* Begin PBXContainerItemProxy section */
		47AFF87624EF8CF6009D058B /* PBXContainerItemProxy */ = {
			isa = PBXContainerItemProxy;
			containerPortal = 47AFF85724EF8CF5009D058B /* Project object */;
			proxyType = 1;
			remoteGlobalIDString = 47AFF85E24EF8CF5009D058B;
			remoteInfo = CodingChallenge;
		};
		47AFF88124EF8CF6009D058B /* PBXContainerItemProxy */ = {
			isa = PBXContainerItemProxy;
			containerPortal = 47AFF85724EF8CF5009D058B /* Project object */;
			proxyType = 1;
			remoteGlobalIDString = 47AFF85E24EF8CF5009D058B;
			remoteInfo = CodingChallenge;
		};
/* End PBXContainerItemProxy section */

/* Begin PBXFileReference section */
		473526F124F28F7D00A23580 /* ActionLabel.swift */ = {isa = PBXFileReference; lastKnownFileType = sourcecode.swift; path = ActionLabel.swift; sourceTree = "<group>"; };
		473526F324F28FED00A23580 /* SignUpViewController.swift */ = {isa = PBXFileReference; lastKnownFileType = sourcecode.swift; path = SignUpViewController.swift; sourceTree = "<group>"; };
		473526F824F2A57900A23580 /* TextFieldContainerViewDelegate.swift */ = {isa = PBXFileReference; lastKnownFileType = sourcecode.swift; path = TextFieldContainerViewDelegate.swift; sourceTree = "<group>"; };
		473526FA24F2A64C00A23580 /* Locale+Extensions.swift */ = {isa = PBXFileReference; lastKnownFileType = sourcecode.swift; path = "Locale+Extensions.swift"; sourceTree = "<group>"; };
		4735270224F2A6B100A23580 /* UIImage+Extensions.swift */ = {isa = PBXFileReference; lastKnownFileType = sourcecode.swift; path = "UIImage+Extensions.swift"; sourceTree = "<group>"; };
		4735270424F2A6DA00A23580 /* UIApplication+Extensions.swift */ = {isa = PBXFileReference; lastKnownFileType = sourcecode.swift; path = "UIApplication+Extensions.swift"; sourceTree = "<group>"; };
		4735270624F2A71900A23580 /* UIViewController+Extensions.swift */ = {isa = PBXFileReference; lastKnownFileType = sourcecode.swift; path = "UIViewController+Extensions.swift"; sourceTree = "<group>"; };
		4735270824F2A73900A23580 /* UIAlertController+Extensions.swift */ = {isa = PBXFileReference; lastKnownFileType = sourcecode.swift; path = "UIAlertController+Extensions.swift"; sourceTree = "<group>"; };
		4735270A24F2A75400A23580 /* UIView+Extensions.swift */ = {isa = PBXFileReference; lastKnownFileType = sourcecode.swift; path = "UIView+Extensions.swift"; sourceTree = "<group>"; };
		4735270D24F2ADD500A23580 /* UIBarButtonItem+Extensions.swift */ = {isa = PBXFileReference; lastKnownFileType = sourcecode.swift; path = "UIBarButtonItem+Extensions.swift"; sourceTree = "<group>"; };
		4735271324F2C5D900A23580 /* LoadingView.swift */ = {isa = PBXFileReference; lastKnownFileType = sourcecode.swift; path = LoadingView.swift; sourceTree = "<group>"; };
		4735271524F2E31500A23580 /* AlertPresenting.swift */ = {isa = PBXFileReference; lastKnownFileType = sourcecode.swift; path = AlertPresenting.swift; sourceTree = "<group>"; };
		4759277524F36451005D0E26 /* SeparaterView.swift */ = {isa = PBXFileReference; lastKnownFileType = sourcecode.swift; path = SeparaterView.swift; sourceTree = "<group>"; };
		4759277724F36922005D0E26 /* PaddedTextField.swift */ = {isa = PBXFileReference; lastKnownFileType = sourcecode.swift; path = PaddedTextField.swift; sourceTree = "<group>"; };
		4759277924F37622005D0E26 /* String+Extensions.swift */ = {isa = PBXFileReference; lastKnownFileType = sourcecode.swift; path = "String+Extensions.swift"; sourceTree = "<group>"; };
		4759277D24F38554005D0E26 /* LoginUser.swift */ = {isa = PBXFileReference; lastKnownFileType = sourcecode.swift; path = LoginUser.swift; sourceTree = "<group>"; };
		4759277F24F38C91005D0E26 /* AuthManager.swift */ = {isa = PBXFileReference; lastKnownFileType = sourcecode.swift; path = AuthManager.swift; sourceTree = "<group>"; };
		4767BDC324F1D33000DD6211 /* LoginViewController.swift */ = {isa = PBXFileReference; lastKnownFileType = sourcecode.swift; path = LoginViewController.swift; sourceTree = "<group>"; };
		4767BDC724F1D84C00DD6211 /* libsqlite3.0.tbd */ = {isa = PBXFileReference; lastKnownFileType = "sourcecode.text-based-dylib-definition"; name = libsqlite3.0.tbd; path = usr/lib/libsqlite3.0.tbd; sourceTree = SDKROOT; };
		4796401324F204400013FB98 /* LocalePickerViewController.swift */ = {isa = PBXFileReference; lastKnownFileType = sourcecode.swift; path = LocalePickerViewController.swift; sourceTree = "<group>"; };
		4796401524F210FF0013FB98 /* LoginView.swift */ = {isa = PBXFileReference; lastKnownFileType = sourcecode.swift; path = LoginView.swift; sourceTree = "<group>"; };
		4796401724F212E90013FB98 /* LoginTitleView.swift */ = {isa = PBXFileReference; lastKnownFileType = sourcecode.swift; path = LoginTitleView.swift; sourceTree = "<group>"; };
		4796401924F21A280013FB98 /* TextFieldContainerView.swift */ = {isa = PBXFileReference; lastKnownFileType = sourcecode.swift; path = TextFieldContainerView.swift; sourceTree = "<group>"; };
		47A3DAFE24F3CF2100E28269 /* DBHelper.swift */ = {isa = PBXFileReference; lastKnownFileType = sourcecode.swift; path = DBHelper.swift; sourceTree = "<group>"; };
		47A3DB0024F3F76400E28269 /* UITextField+Extensions.swift */ = {isa = PBXFileReference; lastKnownFileType = sourcecode.swift; path = "UITextField+Extensions.swift"; sourceTree = "<group>"; };
		47AF554324F1D8970021A79B /* libsqlite3.tbd */ = {isa = PBXFileReference; lastKnownFileType = "sourcecode.text-based-dylib-definition"; name = libsqlite3.tbd; path = usr/lib/libsqlite3.tbd; sourceTree = SDKROOT; };
		47AF557624F1EA010021A79B /* Countries.bundle */ = {isa = PBXFileReference; lastKnownFileType = "wrapper.plug-in"; path = Countries.bundle; sourceTree = "<group>"; };
		47AF557824F1EA010021A79B /* CountryTableViewCell.swift */ = {isa = PBXFileReference; lastKnownFileType = sourcecode.swift; path = CountryTableViewCell.swift; sourceTree = "<group>"; };
		47AF557A24F1EA010021A79B /* LocaleManager.swift */ = {isa = PBXFileReference; lastKnownFileType = sourcecode.swift; path = LocaleManager.swift; sourceTree = "<group>"; };
		47AF557C24F1EA020021A79B /* LocaleInfo.swift */ = {isa = PBXFileReference; lastKnownFileType = sourcecode.swift; path = LocaleInfo.swift; sourceTree = "<group>"; };
		47AFF85F24EF8CF5009D058B /* CodingChallenge.app */ = {isa = PBXFileReference; explicitFileType = wrapper.application; includeInIndex = 0; path = CodingChallenge.app; sourceTree = BUILT_PRODUCTS_DIR; };
		47AFF86224EF8CF5009D058B /* AppDelegate.swift */ = {isa = PBXFileReference; lastKnownFileType = sourcecode.swift; path = AppDelegate.swift; sourceTree = "<group>"; };
		47AFF86424EF8CF5009D058B /* SceneDelegate.swift */ = {isa = PBXFileReference; lastKnownFileType = sourcecode.swift; path = SceneDelegate.swift; sourceTree = "<group>"; };
		47AFF86624EF8CF5009D058B /* UsersViewController.swift */ = {isa = PBXFileReference; lastKnownFileType = sourcecode.swift; path = UsersViewController.swift; sourceTree = "<group>"; };
		47AFF86B24EF8CF6009D058B /* Assets.xcassets */ = {isa = PBXFileReference; lastKnownFileType = folder.assetcatalog; path = Assets.xcassets; sourceTree = "<group>"; };
		47AFF86E24EF8CF6009D058B /* Base */ = {isa = PBXFileReference; lastKnownFileType = file.storyboard; name = Base; path = Base.lproj/LaunchScreen.storyboard; sourceTree = "<group>"; };
		47AFF87024EF8CF6009D058B /* Info.plist */ = {isa = PBXFileReference; lastKnownFileType = text.plist.xml; path = Info.plist; sourceTree = "<group>"; };
		47AFF87524EF8CF6009D058B /* CodingChallengeTests.xctest */ = {isa = PBXFileReference; explicitFileType = wrapper.cfbundle; includeInIndex = 0; path = CodingChallengeTests.xctest; sourceTree = BUILT_PRODUCTS_DIR; };
		47AFF87924EF8CF6009D058B /* CodingChallengeTests.swift */ = {isa = PBXFileReference; lastKnownFileType = sourcecode.swift; path = CodingChallengeTests.swift; sourceTree = "<group>"; };
		47AFF87B24EF8CF6009D058B /* Info.plist */ = {isa = PBXFileReference; lastKnownFileType = text.plist.xml; path = Info.plist; sourceTree = "<group>"; };
		47AFF88024EF8CF6009D058B /* CodingChallengeUITests.xctest */ = {isa = PBXFileReference; explicitFileType = wrapper.cfbundle; includeInIndex = 0; path = CodingChallengeUITests.xctest; sourceTree = BUILT_PRODUCTS_DIR; };
		47AFF88424EF8CF6009D058B /* CodingChallengeUITests.swift */ = {isa = PBXFileReference; lastKnownFileType = sourcecode.swift; path = CodingChallengeUITests.swift; sourceTree = "<group>"; };
		47AFF88624EF8CF6009D058B /* Info.plist */ = {isa = PBXFileReference; lastKnownFileType = text.plist.xml; path = Info.plist; sourceTree = "<group>"; };
		47AFF89624EF8F9D009D058B /* NavigationController.swift */ = {isa = PBXFileReference; fileEncoding = 4; lastKnownFileType = sourcecode.swift; path = NavigationController.swift; sourceTree = "<group>"; };
		47AFF89924EF926A009D058B /* UsersTableViewCell.swift */ = {isa = PBXFileReference; lastKnownFileType = sourcecode.swift; path = UsersTableViewCell.swift; sourceTree = "<group>"; };
		47AFF89F24EF95B0009D058B /* UsersManager.swift */ = {isa = PBXFileReference; lastKnownFileType = sourcecode.swift; path = UsersManager.swift; sourceTree = "<group>"; };
		47B1440F24F13F2E00CAE7B0 /* User.swift */ = {isa = PBXFileReference; lastKnownFileType = sourcecode.swift; path = User.swift; sourceTree = "<group>"; };
		47B1441124F14EFA00CAE7B0 /* UserViewController.swift */ = {isa = PBXFileReference; lastKnownFileType = sourcecode.swift; path = UserViewController.swift; sourceTree = "<group>"; };
		47E8D9FC24F309990011DB3D /* SignUpPage1.swift */ = {isa = PBXFileReference; lastKnownFileType = sourcecode.swift; path = SignUpPage1.swift; sourceTree = "<group>"; };
		47E8D9FE24F309DB0011DB3D /* SignUpPage2.swift */ = {isa = PBXFileReference; lastKnownFileType = sourcecode.swift; path = SignUpPage2.swift; sourceTree = "<group>"; };
		47E8DA0024F309F10011DB3D /* SignUpPage3.swift */ = {isa = PBXFileReference; lastKnownFileType = sourcecode.swift; path = SignUpPage3.swift; sourceTree = "<group>"; };
		47E8DA0224F30A050011DB3D /* SignUpPage4.swift */ = {isa = PBXFileReference; lastKnownFileType = sourcecode.swift; path = SignUpPage4.swift; sourceTree = "<group>"; };
		47E8DA0524F30BDF0011DB3D /* SignUpPage.swift */ = {isa = PBXFileReference; lastKnownFileType = sourcecode.swift; path = SignUpPage.swift; sourceTree = "<group>"; };
		47F7311C24F17A120027B41C /* UsersManagerDelegate.swift */ = {isa = PBXFileReference; lastKnownFileType = sourcecode.swift; path = UsersManagerDelegate.swift; sourceTree = "<group>"; };
		47F7312024F186BE0027B41C /* UserTableViewCell.swift */ = {isa = PBXFileReference; lastKnownFileType = sourcecode.swift; path = UserTableViewCell.swift; sourceTree = "<group>"; };
/* End PBXFileReference section */

/* Begin PBXFrameworksBuildPhase section */
		47AFF85C24EF8CF5009D058B /* Frameworks */ = {
			isa = PBXFrameworksBuildPhase;
			buildActionMask = 2147483647;
			files = (
				47AF554424F1D89E0021A79B /* libsqlite3.tbd in Frameworks */,
			);
			runOnlyForDeploymentPostprocessing = 0;
		};
		47AFF87224EF8CF6009D058B /* Frameworks */ = {
			isa = PBXFrameworksBuildPhase;
			buildActionMask = 2147483647;
			files = (
			);
			runOnlyForDeploymentPostprocessing = 0;
		};
		47AFF87D24EF8CF6009D058B /* Frameworks */ = {
			isa = PBXFrameworksBuildPhase;
			buildActionMask = 2147483647;
			files = (
			);
			runOnlyForDeploymentPostprocessing = 0;
		};
/* End PBXFrameworksBuildPhase section */

/* Begin PBXGroup section */
		473526F724F2A56500A23580 /* LoginTextField */ = {
			isa = PBXGroup;
			children = (
				4796401924F21A280013FB98 /* TextFieldContainerView.swift */,
				473526F824F2A57900A23580 /* TextFieldContainerViewDelegate.swift */,
			);
			path = LoginTextField;
			sourceTree = "<group>";
		};
		473526FC24F2A67200A23580 /* Extensions */ = {
			isa = PBXGroup;
			children = (
				4735270824F2A73900A23580 /* UIAlertController+Extensions.swift */,
				473526FA24F2A64C00A23580 /* Locale+Extensions.swift */,
				4735270224F2A6B100A23580 /* UIImage+Extensions.swift */,
				4735270424F2A6DA00A23580 /* UIApplication+Extensions.swift */,
				4735270624F2A71900A23580 /* UIViewController+Extensions.swift */,
				4735270A24F2A75400A23580 /* UIView+Extensions.swift */,
				4735270D24F2ADD500A23580 /* UIBarButtonItem+Extensions.swift */,
				4759277924F37622005D0E26 /* String+Extensions.swift */,
				47A3DB0024F3F76400E28269 /* UITextField+Extensions.swift */,
			);
			path = Extensions;
			sourceTree = "<group>";
		};
		4735270C24F2A76600A23580 /* Views */ = {
			isa = PBXGroup;
			children = (
				473526F124F28F7D00A23580 /* ActionLabel.swift */,
				4735271324F2C5D900A23580 /* LoadingView.swift */,
				4759277524F36451005D0E26 /* SeparaterView.swift */,
				4759277724F36922005D0E26 /* PaddedTextField.swift */,
			);
			path = Views;
			sourceTree = "<group>";
		};
		4759278124F391A2005D0E26 /* Manager */ = {
			isa = PBXGroup;
			children = (
				4759277F24F38C91005D0E26 /* AuthManager.swift */,
			);
			path = Manager;
			sourceTree = "<group>";
		};
		4759278224F391AE005D0E26 /* Models */ = {
			isa = PBXGroup;
			children = (
				4759277D24F38554005D0E26 /* LoginUser.swift */,
			);
			path = Models;
			sourceTree = "<group>";
		};
		4767BDC524F1D7C300DD6211 /* Authentication */ = {
			isa = PBXGroup;
			children = (
				4759278124F391A2005D0E26 /* Manager */,
				47ADBBE424F307A200A0CEEC /* Login */,
				47ADBBE524F307AD00A0CEEC /* SignUp */,
			);
			path = Authentication;
			sourceTree = "<group>";
		};
		4767BDC624F1D84C00DD6211 /* Frameworks */ = {
			isa = PBXGroup;
			children = (
				47AF554324F1D8970021A79B /* libsqlite3.tbd */,
				4767BDC724F1D84C00DD6211 /* libsqlite3.0.tbd */,
			);
			name = Frameworks;
			sourceTree = "<group>";
		};
		4796401B24F281210013FB98 /* SubViews */ = {
			isa = PBXGroup;
			children = (
				4796401524F210FF0013FB98 /* LoginView.swift */,
				4796401724F212E90013FB98 /* LoginTitleView.swift */,
				473526F724F2A56500A23580 /* LoginTextField */,
			);
			path = SubViews;
			sourceTree = "<group>";
		};
		47A3DAFD24F3CF0B00E28269 /* Database */ = {
			isa = PBXGroup;
			children = (
				47A3DAFE24F3CF2100E28269 /* DBHelper.swift */,
			);
			path = Database;
			sourceTree = "<group>";
		};
		47ADBBE424F307A200A0CEEC /* Login */ = {
			isa = PBXGroup;
			children = (
				4767BDC324F1D33000DD6211 /* LoginViewController.swift */,
				4796401B24F281210013FB98 /* SubViews */,
			);
			path = Login;
			sourceTree = "<group>";
		};
		47ADBBE524F307AD00A0CEEC /* SignUp */ = {
			isa = PBXGroup;
			children = (
				473526F324F28FED00A23580 /* SignUpViewController.swift */,
				47E8DA0424F30B2B0011DB3D /* Pages */,
			);
			path = SignUp;
			sourceTree = "<group>";
		};
		47AF554724F1DCEB0021A79B /* LocalePicker */ = {
			isa = PBXGroup;
			children = (
				4796401324F204400013FB98 /* LocalePickerViewController.swift */,
				47AF557924F1EA010021A79B /* Managers */,
				47AF557B24F1EA010021A79B /* Models */,
				47AF557724F1EA010021A79B /* Views */,
				47AF557624F1EA010021A79B /* Countries.bundle */,
			);
			path = LocalePicker;
			sourceTree = "<group>";
		};
		47AF557724F1EA010021A79B /* Views */ = {
			isa = PBXGroup;
			children = (
				47AF557824F1EA010021A79B /* CountryTableViewCell.swift */,
			);
			path = Views;
			sourceTree = "<group>";
		};
		47AF557924F1EA010021A79B /* Managers */ = {
			isa = PBXGroup;
			children = (
				47AF557A24F1EA010021A79B /* LocaleManager.swift */,
			);
			path = Managers;
			sourceTree = "<group>";
		};
		47AF557B24F1EA010021A79B /* Models */ = {
			isa = PBXGroup;
			children = (
				47AF557C24F1EA020021A79B /* LocaleInfo.swift */,
			);
			path = Models;
			sourceTree = "<group>";
		};
		47AFF85624EF8CF5009D058B = {
			isa = PBXGroup;
			children = (
				47AFF86124EF8CF5009D058B /* CodingChallenge */,
				47AFF87824EF8CF6009D058B /* CodingChallengeTests */,
				47AFF88324EF8CF6009D058B /* CodingChallengeUITests */,
				47AFF86024EF8CF5009D058B /* Products */,
				4767BDC624F1D84C00DD6211 /* Frameworks */,
			);
			sourceTree = "<group>";
		};
		47AFF86024EF8CF5009D058B /* Products */ = {
			isa = PBXGroup;
			children = (
				47AFF85F24EF8CF5009D058B /* CodingChallenge.app */,
				47AFF87524EF8CF6009D058B /* CodingChallengeTests.xctest */,
				47AFF88024EF8CF6009D058B /* CodingChallengeUITests.xctest */,
			);
			name = Products;
			sourceTree = "<group>";
		};
		47AFF86124EF8CF5009D058B /* CodingChallenge */ = {
			isa = PBXGroup;
			children = (
				47AFF89524EF8F75009D058B /* Controllers */,
				47AFF89424EF8F60009D058B /* AppDelegate */,
				47F7311F24F17A820027B41C /* Helpers */,
				47A3DAFD24F3CF0B00E28269 /* Database */,
				4759278224F391AE005D0E26 /* Models */,
				47AFF86D24EF8CF6009D058B /* LaunchScreen.storyboard */,
				47AFF86B24EF8CF6009D058B /* Assets.xcassets */,
				47AFF87024EF8CF6009D058B /* Info.plist */,
			);
			path = CodingChallenge;
			sourceTree = "<group>";
		};
		47AFF87824EF8CF6009D058B /* CodingChallengeTests */ = {
			isa = PBXGroup;
			children = (
				47AFF87924EF8CF6009D058B /* CodingChallengeTests.swift */,
				47AFF87B24EF8CF6009D058B /* Info.plist */,
			);
			path = CodingChallengeTests;
			sourceTree = "<group>";
		};
		47AFF88324EF8CF6009D058B /* CodingChallengeUITests */ = {
			isa = PBXGroup;
			children = (
				47AFF88424EF8CF6009D058B /* CodingChallengeUITests.swift */,
				47AFF88624EF8CF6009D058B /* Info.plist */,
			);
			path = CodingChallengeUITests;
			sourceTree = "<group>";
		};
		47AFF89424EF8F60009D058B /* AppDelegate */ = {
			isa = PBXGroup;
			children = (
				47AFF86224EF8CF5009D058B /* AppDelegate.swift */,
				47AFF86424EF8CF5009D058B /* SceneDelegate.swift */,
			);
			path = AppDelegate;
			sourceTree = "<group>";
		};
		47AFF89524EF8F75009D058B /* Controllers */ = {
			isa = PBXGroup;
			children = (
				47AFF89824EF9256009D058B /* Users */,
				47F7311E24F17A610027B41C /* User */,
				47B1440E24F13BDD00CAE7B0 /* NavigationController */,
				4767BDC524F1D7C300DD6211 /* Authentication */,
				47AF554724F1DCEB0021A79B /* LocalePicker */,
			);
			path = Controllers;
			sourceTree = "<group>";
		};
		47AFF89824EF9256009D058B /* Users */ = {
			isa = PBXGroup;
			children = (
				47AFF86624EF8CF5009D058B /* UsersViewController.swift */,
				47AFF89E24EF956E009D058B /* Manager */,
				47AFF89D24EF9566009D058B /* VIews */,
				47B1441324F16DBB00CAE7B0 /* Model */,
			);
			path = Users;
			sourceTree = "<group>";
		};
		47AFF89D24EF9566009D058B /* VIews */ = {
			isa = PBXGroup;
			children = (
				47AFF89924EF926A009D058B /* UsersTableViewCell.swift */,
			);
			path = VIews;
			sourceTree = "<group>";
		};
		47AFF89E24EF956E009D058B /* Manager */ = {
			isa = PBXGroup;
			children = (
				47AFF89F24EF95B0009D058B /* UsersManager.swift */,
				47F7311C24F17A120027B41C /* UsersManagerDelegate.swift */,
			);
			path = Manager;
			sourceTree = "<group>";
		};
		47B1440E24F13BDD00CAE7B0 /* NavigationController */ = {
			isa = PBXGroup;
			children = (
				47AFF89624EF8F9D009D058B /* NavigationController.swift */,
			);
			path = NavigationController;
			sourceTree = "<group>";
		};
		47B1441324F16DBB00CAE7B0 /* Model */ = {
			isa = PBXGroup;
			children = (
				47B1440F24F13F2E00CAE7B0 /* User.swift */,
			);
			path = Model;
			sourceTree = "<group>";
		};
		47E8DA0424F30B2B0011DB3D /* Pages */ = {
			isa = PBXGroup;
			children = (
				47E8DA0524F30BDF0011DB3D /* SignUpPage.swift */,
				47E8D9FC24F309990011DB3D /* SignUpPage1.swift */,
				47E8D9FE24F309DB0011DB3D /* SignUpPage2.swift */,
				47E8DA0024F309F10011DB3D /* SignUpPage3.swift */,
				47E8DA0224F30A050011DB3D /* SignUpPage4.swift */,
			);
			path = Pages;
			sourceTree = "<group>";
		};
		47F7311E24F17A610027B41C /* User */ = {
			isa = PBXGroup;
			children = (
				47B1441124F14EFA00CAE7B0 /* UserViewController.swift */,
				47F7312224F1922A0027B41C /* Views */,
			);
			path = User;
			sourceTree = "<group>";
		};
		47F7311F24F17A820027B41C /* Helpers */ = {
			isa = PBXGroup;
			children = (
				4735270C24F2A76600A23580 /* Views */,
				473526FC24F2A67200A23580 /* Extensions */,
				4735271524F2E31500A23580 /* AlertPresenting.swift */,
			);
			path = Helpers;
			sourceTree = "<group>";
		};
		47F7312224F1922A0027B41C /* Views */ = {
			isa = PBXGroup;
			children = (
				47F7312024F186BE0027B41C /* UserTableViewCell.swift */,
			);
			path = Views;
			sourceTree = "<group>";
		};
/* End PBXGroup section */

/* Begin PBXNativeTarget section */
		47AFF85E24EF8CF5009D058B /* CodingChallenge */ = {
			isa = PBXNativeTarget;
			buildConfigurationList = 47AFF88924EF8CF6009D058B /* Build configuration list for PBXNativeTarget "CodingChallenge" */;
			buildPhases = (
				47AFF85B24EF8CF5009D058B /* Sources */,
				47AFF85C24EF8CF5009D058B /* Frameworks */,
				47AFF85D24EF8CF5009D058B /* Resources */,
			);
			buildRules = (
			);
			dependencies = (
			);
			name = CodingChallenge;
			productName = CodingChallenge;
			productReference = 47AFF85F24EF8CF5009D058B /* CodingChallenge.app */;
			productType = "com.apple.product-type.application";
		};
		47AFF87424EF8CF6009D058B /* CodingChallengeTests */ = {
			isa = PBXNativeTarget;
			buildConfigurationList = 47AFF88C24EF8CF6009D058B /* Build configuration list for PBXNativeTarget "CodingChallengeTests" */;
			buildPhases = (
				47AFF87124EF8CF6009D058B /* Sources */,
				47AFF87224EF8CF6009D058B /* Frameworks */,
				47AFF87324EF8CF6009D058B /* Resources */,
			);
			buildRules = (
			);
			dependencies = (
				47AFF87724EF8CF6009D058B /* PBXTargetDependency */,
			);
			name = CodingChallengeTests;
			productName = CodingChallengeTests;
			productReference = 47AFF87524EF8CF6009D058B /* CodingChallengeTests.xctest */;
			productType = "com.apple.product-type.bundle.unit-test";
		};
		47AFF87F24EF8CF6009D058B /* CodingChallengeUITests */ = {
			isa = PBXNativeTarget;
			buildConfigurationList = 47AFF88F24EF8CF6009D058B /* Build configuration list for PBXNativeTarget "CodingChallengeUITests" */;
			buildPhases = (
				47AFF87C24EF8CF6009D058B /* Sources */,
				47AFF87D24EF8CF6009D058B /* Frameworks */,
				47AFF87E24EF8CF6009D058B /* Resources */,
			);
			buildRules = (
			);
			dependencies = (
				47AFF88224EF8CF6009D058B /* PBXTargetDependency */,
			);
			name = CodingChallengeUITests;
			productName = CodingChallengeUITests;
			productReference = 47AFF88024EF8CF6009D058B /* CodingChallengeUITests.xctest */;
			productType = "com.apple.product-type.bundle.ui-testing";
		};
/* End PBXNativeTarget section */

/* Begin PBXProject section */
		47AFF85724EF8CF5009D058B /* Project object */ = {
			isa = PBXProject;
			attributes = {
				LastSwiftUpdateCheck = 1160;
				LastUpgradeCheck = 1200;
				ORGANIZATIONNAME = "Aung Ko Min";
				TargetAttributes = {
					47AFF85E24EF8CF5009D058B = {
						CreatedOnToolsVersion = 11.6;
					};
					47AFF87424EF8CF6009D058B = {
						CreatedOnToolsVersion = 11.6;
						TestTargetID = 47AFF85E24EF8CF5009D058B;
					};
					47AFF87F24EF8CF6009D058B = {
						CreatedOnToolsVersion = 11.6;
						TestTargetID = 47AFF85E24EF8CF5009D058B;
					};
				};
			};
			buildConfigurationList = 47AFF85A24EF8CF5009D058B /* Build configuration list for PBXProject "CodingChallenge" */;
			compatibilityVersion = "Xcode 9.3";
			developmentRegion = en;
			hasScannedForEncodings = 0;
			knownRegions = (
				en,
				Base,
			);
			mainGroup = 47AFF85624EF8CF5009D058B;
			productRefGroup = 47AFF86024EF8CF5009D058B /* Products */;
			projectDirPath = "";
			projectRoot = "";
			targets = (
				47AFF85E24EF8CF5009D058B /* CodingChallenge */,
				47AFF87424EF8CF6009D058B /* CodingChallengeTests */,
				47AFF87F24EF8CF6009D058B /* CodingChallengeUITests */,
			);
		};
/* End PBXProject section */

/* Begin PBXResourcesBuildPhase section */
		47AFF85D24EF8CF5009D058B /* Resources */ = {
			isa = PBXResourcesBuildPhase;
			buildActionMask = 2147483647;
			files = (
				47AF558024F1EB2B0021A79B /* Countries.bundle in Resources */,
				47AFF86F24EF8CF6009D058B /* LaunchScreen.storyboard in Resources */,
				47AFF86C24EF8CF6009D058B /* Assets.xcassets in Resources */,
			);
			runOnlyForDeploymentPostprocessing = 0;
		};
		47AFF87324EF8CF6009D058B /* Resources */ = {
			isa = PBXResourcesBuildPhase;
			buildActionMask = 2147483647;
			files = (
			);
			runOnlyForDeploymentPostprocessing = 0;
		};
		47AFF87E24EF8CF6009D058B /* Resources */ = {
			isa = PBXResourcesBuildPhase;
			buildActionMask = 2147483647;
			files = (
			);
			runOnlyForDeploymentPostprocessing = 0;
		};
/* End PBXResourcesBuildPhase section */

/* Begin PBXSourcesBuildPhase section */
		47AFF85B24EF8CF5009D058B /* Sources */ = {
			isa = PBXSourcesBuildPhase;
			buildActionMask = 2147483647;
			files = (
				4796401824F212E90013FB98 /* LoginTitleView.swift in Sources */,
				4759277A24F37622005D0E26 /* String+Extensions.swift in Sources */,
				47AF557F24F1EA020021A79B /* LocaleManager.swift in Sources */,
				47AF557D24F1EA020021A79B /* CountryTableViewCell.swift in Sources */,
				4767BDC424F1D33000DD6211 /* LoginViewController.swift in Sources */,
				47AFF89A24EF926A009D058B /* UsersTableViewCell.swift in Sources */,
				47F7311D24F17A120027B41C /* UsersManagerDelegate.swift in Sources */,
				47E8DA0624F30BDF0011DB3D /* SignUpPage.swift in Sources */,
				4796401A24F21A280013FB98 /* TextFieldContainerView.swift in Sources */,
				4796401624F210FF0013FB98 /* LoginView.swift in Sources */,
				4759277824F36922005D0E26 /* PaddedTextField.swift in Sources */,
				4735270E24F2ADD500A23580 /* UIBarButtonItem+Extensions.swift in Sources */,
				4759278024F38C91005D0E26 /* AuthManager.swift in Sources */,
				47AF557E24F1EA020021A79B /* LocaleInfo.swift in Sources */,
				47F7312124F186BE0027B41C /* UserTableViewCell.swift in Sources */,
				47B1441224F14EFA00CAE7B0 /* UserViewController.swift in Sources */,
				4796401424F204400013FB98 /* LocalePickerViewController.swift in Sources */,
				47E8DA0324F30A050011DB3D /* SignUpPage4.swift in Sources */,
				4735270B24F2A75400A23580 /* UIView+Extensions.swift in Sources */,
				47AFF86724EF8CF5009D058B /* UsersViewController.swift in Sources */,
				47AFF89724EF8F9D009D058B /* NavigationController.swift in Sources */,
				47A3DB0124F3F76400E28269 /* UITextField+Extensions.swift in Sources */,
				473526F924F2A57900A23580 /* TextFieldContainerViewDelegate.swift in Sources */,
				4759277624F36451005D0E26 /* SeparaterView.swift in Sources */,
				47E8D9FF24F309DB0011DB3D /* SignUpPage2.swift in Sources */,
				4735271624F2E31500A23580 /* AlertPresenting.swift in Sources */,
				4735270924F2A73900A23580 /* UIAlertController+Extensions.swift in Sources */,
				473526F224F28F7D00A23580 /* ActionLabel.swift in Sources */,
				4759277E24F38554005D0E26 /* LoginUser.swift in Sources */,
				47B1441024F13F2E00CAE7B0 /* User.swift in Sources */,
				47E8DA0124F309F10011DB3D /* SignUpPage3.swift in Sources */,
				4735270524F2A6DA00A23580 /* UIApplication+Extensions.swift in Sources */,
				47A3DAFF24F3CF2100E28269 /* DBHelper.swift in Sources */,
				47AFF86324EF8CF5009D058B /* AppDelegate.swift in Sources */,
				47AFF86524EF8CF5009D058B /* SceneDelegate.swift in Sources */,
				4735270724F2A71900A23580 /* UIViewController+Extensions.swift in Sources */,
				47E8D9FD24F309990011DB3D /* SignUpPage1.swift in Sources */,
				473526FB24F2A64C00A23580 /* Locale+Extensions.swift in Sources */,
				4735271424F2C5D900A23580 /* LoadingView.swift in Sources */,
				4735270324F2A6B100A23580 /* UIImage+Extensions.swift in Sources */,
				473526F424F28FED00A23580 /* SignUpViewController.swift in Sources */,
				47AFF8A024EF95B0009D058B /* UsersManager.swift in Sources */,
			);
			runOnlyForDeploymentPostprocessing = 0;
		};
		47AFF87124EF8CF6009D058B /* Sources */ = {
			isa = PBXSourcesBuildPhase;
			buildActionMask = 2147483647;
			files = (
				47AFF87A24EF8CF6009D058B /* CodingChallengeTests.swift in Sources */,
			);
			runOnlyForDeploymentPostprocessing = 0;
		};
		47AFF87C24EF8CF6009D058B /* Sources */ = {
			isa = PBXSourcesBuildPhase;
			buildActionMask = 2147483647;
			files = (
				47AFF88524EF8CF6009D058B /* CodingChallengeUITests.swift in Sources */,
			);
			runOnlyForDeploymentPostprocessing = 0;
		};
/* End PBXSourcesBuildPhase section */

/* Begin PBXTargetDependency section */
		47AFF87724EF8CF6009D058B /* PBXTargetDependency */ = {
			isa = PBXTargetDependency;
			target = 47AFF85E24EF8CF5009D058B /* CodingChallenge */;
			targetProxy = 47AFF87624EF8CF6009D058B /* PBXContainerItemProxy */;
		};
		47AFF88224EF8CF6009D058B /* PBXTargetDependency */ = {
			isa = PBXTargetDependency;
			target = 47AFF85E24EF8CF5009D058B /* CodingChallenge */;
			targetProxy = 47AFF88124EF8CF6009D058B /* PBXContainerItemProxy */;
		};
/* End PBXTargetDependency section */

/* Begin PBXVariantGroup section */
		47AFF86D24EF8CF6009D058B /* LaunchScreen.storyboard */ = {
			isa = PBXVariantGroup;
			children = (
				47AFF86E24EF8CF6009D058B /* Base */,
			);
			name = LaunchScreen.storyboard;
			sourceTree = "<group>";
		};
/* End PBXVariantGroup section */

/* Begin XCBuildConfiguration section */
		47AFF88724EF8CF6009D058B /* Debug */ = {
			isa = XCBuildConfiguration;
			buildSettings = {
				ALWAYS_SEARCH_USER_PATHS = NO;
				CLANG_ANALYZER_NONNULL = YES;
				CLANG_ANALYZER_NUMBER_OBJECT_CONVERSION = YES_AGGRESSIVE;
				CLANG_CXX_LANGUAGE_STANDARD = "gnu++14";
				CLANG_CXX_LIBRARY = "libc++";
				CLANG_ENABLE_MODULES = YES;
				CLANG_ENABLE_OBJC_ARC = YES;
				CLANG_ENABLE_OBJC_WEAK = YES;
				CLANG_WARN_BLOCK_CAPTURE_AUTORELEASING = YES;
				CLANG_WARN_BOOL_CONVERSION = YES;
				CLANG_WARN_COMMA = YES;
				CLANG_WARN_CONSTANT_CONVERSION = YES;
				CLANG_WARN_DEPRECATED_OBJC_IMPLEMENTATIONS = YES;
				CLANG_WARN_DIRECT_OBJC_ISA_USAGE = YES_ERROR;
				CLANG_WARN_DOCUMENTATION_COMMENTS = YES;
				CLANG_WARN_EMPTY_BODY = YES;
				CLANG_WARN_ENUM_CONVERSION = YES;
				CLANG_WARN_INFINITE_RECURSION = YES;
				CLANG_WARN_INT_CONVERSION = YES;
				CLANG_WARN_NON_LITERAL_NULL_CONVERSION = YES;
				CLANG_WARN_OBJC_IMPLICIT_RETAIN_SELF = YES;
				CLANG_WARN_OBJC_LITERAL_CONVERSION = YES;
				CLANG_WARN_OBJC_ROOT_CLASS = YES_ERROR;
				CLANG_WARN_QUOTED_INCLUDE_IN_FRAMEWORK_HEADER = YES;
				CLANG_WARN_RANGE_LOOP_ANALYSIS = YES;
				CLANG_WARN_STRICT_PROTOTYPES = YES;
				CLANG_WARN_SUSPICIOUS_MOVE = YES;
				CLANG_WARN_UNGUARDED_AVAILABILITY = YES_AGGRESSIVE;
				CLANG_WARN_UNREACHABLE_CODE = YES;
				CLANG_WARN__DUPLICATE_METHOD_MATCH = YES;
				COPY_PHASE_STRIP = NO;
				DEBUG_INFORMATION_FORMAT = dwarf;
				ENABLE_STRICT_OBJC_MSGSEND = YES;
				ENABLE_TESTABILITY = YES;
				GCC_C_LANGUAGE_STANDARD = gnu11;
				GCC_DYNAMIC_NO_PIC = NO;
				GCC_NO_COMMON_BLOCKS = YES;
				GCC_OPTIMIZATION_LEVEL = 0;
				GCC_PREPROCESSOR_DEFINITIONS = (
					"DEBUG=1",
					"$(inherited)",
				);
				GCC_WARN_64_TO_32_BIT_CONVERSION = YES;
				GCC_WARN_ABOUT_RETURN_TYPE = YES_ERROR;
				GCC_WARN_UNDECLARED_SELECTOR = YES;
				GCC_WARN_UNINITIALIZED_AUTOS = YES_AGGRESSIVE;
				GCC_WARN_UNUSED_FUNCTION = YES;
				GCC_WARN_UNUSED_VARIABLE = YES;
				IPHONEOS_DEPLOYMENT_TARGET = 13.6;
				MTL_ENABLE_DEBUG_INFO = INCLUDE_SOURCE;
				MTL_FAST_MATH = YES;
				ONLY_ACTIVE_ARCH = YES;
				SDKROOT = iphoneos;
				SWIFT_ACTIVE_COMPILATION_CONDITIONS = DEBUG;
				SWIFT_OPTIMIZATION_LEVEL = "-Onone";
			};
			name = Debug;
		};
		47AFF88824EF8CF6009D058B /* Release */ = {
			isa = XCBuildConfiguration;
			buildSettings = {
				ALWAYS_SEARCH_USER_PATHS = NO;
				CLANG_ANALYZER_NONNULL = YES;
				CLANG_ANALYZER_NUMBER_OBJECT_CONVERSION = YES_AGGRESSIVE;
				CLANG_CXX_LANGUAGE_STANDARD = "gnu++14";
				CLANG_CXX_LIBRARY = "libc++";
				CLANG_ENABLE_MODULES = YES;
				CLANG_ENABLE_OBJC_ARC = YES;
				CLANG_ENABLE_OBJC_WEAK = YES;
				CLANG_WARN_BLOCK_CAPTURE_AUTORELEASING = YES;
				CLANG_WARN_BOOL_CONVERSION = YES;
				CLANG_WARN_COMMA = YES;
				CLANG_WARN_CONSTANT_CONVERSION = YES;
				CLANG_WARN_DEPRECATED_OBJC_IMPLEMENTATIONS = YES;
				CLANG_WARN_DIRECT_OBJC_ISA_USAGE = YES_ERROR;
				CLANG_WARN_DOCUMENTATION_COMMENTS = YES;
				CLANG_WARN_EMPTY_BODY = YES;
				CLANG_WARN_ENUM_CONVERSION = YES;
				CLANG_WARN_INFINITE_RECURSION = YES;
				CLANG_WARN_INT_CONVERSION = YES;
				CLANG_WARN_NON_LITERAL_NULL_CONVERSION = YES;
				CLANG_WARN_OBJC_IMPLICIT_RETAIN_SELF = YES;
				CLANG_WARN_OBJC_LITERAL_CONVERSION = YES;
				CLANG_WARN_OBJC_ROOT_CLASS = YES_ERROR;
				CLANG_WARN_QUOTED_INCLUDE_IN_FRAMEWORK_HEADER = YES;
				CLANG_WARN_RANGE_LOOP_ANALYSIS = YES;
				CLANG_WARN_STRICT_PROTOTYPES = YES;
				CLANG_WARN_SUSPICIOUS_MOVE = YES;
				CLANG_WARN_UNGUARDED_AVAILABILITY = YES_AGGRESSIVE;
				CLANG_WARN_UNREACHABLE_CODE = YES;
				CLANG_WARN__DUPLICATE_METHOD_MATCH = YES;
				COPY_PHASE_STRIP = NO;
				DEBUG_INFORMATION_FORMAT = "dwarf-with-dsym";
				ENABLE_NS_ASSERTIONS = NO;
				ENABLE_STRICT_OBJC_MSGSEND = YES;
				GCC_C_LANGUAGE_STANDARD = gnu11;
				GCC_NO_COMMON_BLOCKS = YES;
				GCC_WARN_64_TO_32_BIT_CONVERSION = YES;
				GCC_WARN_ABOUT_RETURN_TYPE = YES_ERROR;
				GCC_WARN_UNDECLARED_SELECTOR = YES;
				GCC_WARN_UNINITIALIZED_AUTOS = YES_AGGRESSIVE;
				GCC_WARN_UNUSED_FUNCTION = YES;
				GCC_WARN_UNUSED_VARIABLE = YES;
				IPHONEOS_DEPLOYMENT_TARGET = 13.6;
				MTL_ENABLE_DEBUG_INFO = NO;
				MTL_FAST_MATH = YES;
				SDKROOT = iphoneos;
				SWIFT_COMPILATION_MODE = wholemodule;
				SWIFT_OPTIMIZATION_LEVEL = "-O";
				VALIDATE_PRODUCT = YES;
			};
			name = Release;
		};
		47AFF88A24EF8CF6009D058B /* Debug */ = {
			isa = XCBuildConfiguration;
			buildSettings = {
				ASSETCATALOG_COMPILER_APPICON_NAME = AppIcon;
				CODE_SIGN_STYLE = Automatic;
				DEVELOPMENT_TEAM = HJ9L53D9PB;
				INFOPLIST_FILE = CodingChallenge/Info.plist;
				LD_RUNPATH_SEARCH_PATHS = (
					"$(inherited)",
					"@executable_path/Frameworks",
				);
				PRODUCT_BUNDLE_IDENTIFIER = com.jonahaung.CodingChallenge;
				PRODUCT_NAME = "$(TARGET_NAME)";
				SWIFT_VERSION = 5.0;
				TARGETED_DEVICE_FAMILY = "1,2";
			};
			name = Debug;
		};
		47AFF88B24EF8CF6009D058B /* Release */ = {
			isa = XCBuildConfiguration;
			buildSettings = {
				ASSETCATALOG_COMPILER_APPICON_NAME = AppIcon;
				CODE_SIGN_STYLE = Automatic;
				DEVELOPMENT_TEAM = HJ9L53D9PB;
				INFOPLIST_FILE = CodingChallenge/Info.plist;
				LD_RUNPATH_SEARCH_PATHS = (
					"$(inherited)",
					"@executable_path/Frameworks",
				);
				PRODUCT_BUNDLE_IDENTIFIER = com.jonahaung.CodingChallenge;
				PRODUCT_NAME = "$(TARGET_NAME)";
				SWIFT_VERSION = 5.0;
				TARGETED_DEVICE_FAMILY = "1,2";
			};
			name = Release;
		};
		47AFF88D24EF8CF6009D058B /* Debug */ = {
			isa = XCBuildConfiguration;
			buildSettings = {
				ALWAYS_EMBED_SWIFT_STANDARD_LIBRARIES = YES;
				BUNDLE_LOADER = "$(TEST_HOST)";
				CODE_SIGN_STYLE = Automatic;
				DEVELOPMENT_TEAM = HJ9L53D9PB;
				INFOPLIST_FILE = CodingChallengeTests/Info.plist;
				IPHONEOS_DEPLOYMENT_TARGET = 13.6;
				LD_RUNPATH_SEARCH_PATHS = (
					"$(inherited)",
					"@executable_path/Frameworks",
					"@loader_path/Frameworks",
				);
				PRODUCT_BUNDLE_IDENTIFIER = com.jonahaung.CodingChallengeTests;
				PRODUCT_NAME = "$(TARGET_NAME)";
				SWIFT_VERSION = 5.0;
				TARGETED_DEVICE_FAMILY = "1,2";
				TEST_HOST = "$(BUILT_PRODUCTS_DIR)/CodingChallenge.app/CodingChallenge";
			};
			name = Debug;
		};
		47AFF88E24EF8CF6009D058B /* Release */ = {
			isa = XCBuildConfiguration;
			buildSettings = {
				ALWAYS_EMBED_SWIFT_STANDARD_LIBRARIES = YES;
				BUNDLE_LOADER = "$(TEST_HOST)";
				CODE_SIGN_STYLE = Automatic;
				DEVELOPMENT_TEAM = HJ9L53D9PB;
				INFOPLIST_FILE = CodingChallengeTests/Info.plist;
				IPHONEOS_DEPLOYMENT_TARGET = 13.6;
				LD_RUNPATH_SEARCH_PATHS = (
					"$(inherited)",
					"@executable_path/Frameworks",
					"@loader_path/Frameworks",
				);
				PRODUCT_BUNDLE_IDENTIFIER = com.jonahaung.CodingChallengeTests;
				PRODUCT_NAME = "$(TARGET_NAME)";
				SWIFT_VERSION = 5.0;
				TARGETED_DEVICE_FAMILY = "1,2";
				TEST_HOST = "$(BUILT_PRODUCTS_DIR)/CodingChallenge.app/CodingChallenge";
			};
			name = Release;
		};
		47AFF89024EF8CF6009D058B /* Debug */ = {
			isa = XCBuildConfiguration;
			buildSettings = {
				ALWAYS_EMBED_SWIFT_STANDARD_LIBRARIES = YES;
				CODE_SIGN_STYLE = Automatic;
				DEVELOPMENT_TEAM = HJ9L53D9PB;
				INFOPLIST_FILE = CodingChallengeUITests/Info.plist;
				LD_RUNPATH_SEARCH_PATHS = (
					"$(inherited)",
					"@executable_path/Frameworks",
					"@loader_path/Frameworks",
				);
				PRODUCT_BUNDLE_IDENTIFIER = com.jonahaung.CodingChallengeUITests;
				PRODUCT_NAME = "$(TARGET_NAME)";
				SWIFT_VERSION = 5.0;
				TARGETED_DEVICE_FAMILY = "1,2";
				TEST_TARGET_NAME = CodingChallenge;
			};
			name = Debug;
		};
		47AFF89124EF8CF6009D058B /* Release */ = {
			isa = XCBuildConfiguration;
			buildSettings = {
				ALWAYS_EMBED_SWIFT_STANDARD_LIBRARIES = YES;
				CODE_SIGN_STYLE = Automatic;
				DEVELOPMENT_TEAM = HJ9L53D9PB;
				INFOPLIST_FILE = CodingChallengeUITests/Info.plist;
				LD_RUNPATH_SEARCH_PATHS = (
					"$(inherited)",
					"@executable_path/Frameworks",
					"@loader_path/Frameworks",
				);
				PRODUCT_BUNDLE_IDENTIFIER = com.jonahaung.CodingChallengeUITests;
				PRODUCT_NAME = "$(TARGET_NAME)";
				SWIFT_VERSION = 5.0;
				TARGETED_DEVICE_FAMILY = "1,2";
				TEST_TARGET_NAME = CodingChallenge;
			};
			name = Release;
		};
/* End XCBuildConfiguration section */

/* Begin XCConfigurationList section */
		47AFF85A24EF8CF5009D058B /* Build configuration list for PBXProject "CodingChallenge" */ = {
			isa = XCConfigurationList;
			buildConfigurations = (
				47AFF88724EF8CF6009D058B /* Debug */,
				47AFF88824EF8CF6009D058B /* Release */,
			);
			defaultConfigurationIsVisible = 0;
			defaultConfigurationName = Release;
		};
		47AFF88924EF8CF6009D058B /* Build configuration list for PBXNativeTarget "CodingChallenge" */ = {
			isa = XCConfigurationList;
			buildConfigurations = (
				47AFF88A24EF8CF6009D058B /* Debug */,
				47AFF88B24EF8CF6009D058B /* Release */,
			);
			defaultConfigurationIsVisible = 0;
			defaultConfigurationName = Release;
		};
		47AFF88C24EF8CF6009D058B /* Build configuration list for PBXNativeTarget "CodingChallengeTests" */ = {
			isa = XCConfigurationList;
			buildConfigurations = (
				47AFF88D24EF8CF6009D058B /* Debug */,
				47AFF88E24EF8CF6009D058B /* Release */,
			);
			defaultConfigurationIsVisible = 0;
			defaultConfigurationName = Release;
		};
		47AFF88F24EF8CF6009D058B /* Build configuration list for PBXNativeTarget "CodingChallengeUITests" */ = {
			isa = XCConfigurationList;
			buildConfigurations = (
				47AFF89024EF8CF6009D058B /* Debug */,
				47AFF89124EF8CF6009D058B /* Release */,
			);
			defaultConfigurationIsVisible = 0;
			defaultConfigurationName = Release;
		};
/* End XCConfigurationList section */
	};
	rootObject = 47AFF85724EF8CF5009D058B /* Project object */;
}
