// !$*UTF8*$!
{
	archiveVersion = 1;
	classes = {
	};
	objectVersion = 50;
	objects = {

/* Begin PBXBuildFile section */
		47AFF86324EF8CF5009D058B /* AppDelegate.swift in Sources */ = {isa = PBXBuildFile; fileRef = 47AFF86224EF8CF5009D058B /* AppDelegate.swift */; };
		47AFF86524EF8CF5009D058B /* SceneDelegate.swift in Sources */ = {isa = PBXBuildFile; fileRef = 47AFF86424EF8CF5009D058B /* SceneDelegate.swift */; };
		47AFF86724EF8CF5009D058B /* UsersViewController.swift in Sources */ = {isa = PBXBuildFile; fileRef = 47AFF86624EF8CF5009D058B /* UsersViewController.swift */; };
		47AFF86C24EF8CF6009D058B /* Assets.xcassets in Resources */ = {isa = PBXBuildFile; fileRef = 47AFF86B24EF8CF6009D058B /* Assets.xcassets */; };
		47AFF86F24EF8CF6009D058B /* LaunchScreen.storyboard in Resources */ = {isa = PBXBuildFile; fileRef = 47AFF86D24EF8CF6009D058B /* LaunchScreen.storyboard */; };
		47AFF87A24EF8CF6009D058B /* CodingChallengeTests.swift in Sources */ = {isa = PBXBuildFile; fileRef = 47AFF87924EF8CF6009D058B /* CodingChallengeTests.swift */; };
		47AFF88524EF8CF6009D058B /* CodingChallengeUITests.swift in Sources */ = {isa = PBXBuildFile; fileRef = 47AFF88424EF8CF6009D058B /* CodingChallengeUITests.swift */; };
		47AFF89324EF8F4A009D058B /* Main.storyboard in Resources */ = {isa = PBXBuildFile; fileRef = 47AFF89224EF8F4A009D058B /* Main.storyboard */; };
		47AFF89724EF8F9D009D058B /* NavigationController.swift in Sources */ = {isa = PBXBuildFile; fileRef = 47AFF89624EF8F9D009D058B /* NavigationController.swift */; };
		47AFF89A24EF926A009D058B /* UsersTableViewCell.swift in Sources */ = {isa = PBXBuildFile; fileRef = 47AFF89924EF926A009D058B /* UsersTableViewCell.swift */; };
		47AFF89C24EF9414009D058B /* Extensions.swift in Sources */ = {isa = PBXBuildFile; fileRef = 47AFF89B24EF9414009D058B /* Extensions.swift */; };
		47AFF8A024EF95B0009D058B /* UsersManager.swift in Sources */ = {isa = PBXBuildFile; fileRef = 47AFF89F24EF95B0009D058B /* UsersManager.swift */; };
		47B1441024F13F2E00CAE7B0 /* User.swift in Sources */ = {isa = PBXBuildFile; fileRef = 47B1440F24F13F2E00CAE7B0 /* User.swift */; };
		47B1441224F14EFA00CAE7B0 /* UserViewController.swift in Sources */ = {isa = PBXBuildFile; fileRef = 47B1441124F14EFA00CAE7B0 /* UserViewController.swift */; };
		47F7311D24F17A120027B41C /* UsersManagerDelegate.swift in Sources */ = {isa = PBXBuildFile; fileRef = 47F7311C24F17A120027B41C /* UsersManagerDelegate.swift */; };
		47F7312124F186BE0027B41C /* UserTableViewCell.swift in Sources */ = {isa = PBXBuildFile; fileRef = 47F7312024F186BE0027B41C /* UserTableViewCell.swift */; };
/* End PBXBuildFile section */

/* Begin PBXContainerItemProxy section */
		47AFF87624EF8CF6009D058B /* PBXContainerItemProxy */ = {
			isa = PBXContainerItemProxy;
			containerPortal = 47AFF85724EF8CF5009D058B /* Project object */;
			proxyType = 1;
			remoteGlobalIDString = 47AFF85E24EF8CF5009D058B;
			remoteInfo = CodingChallenge;
		};
		47AFF88124EF8CF6009D058B /* PBXContainerItemProxy */ = {
			isa = PBXContainerItemProxy;
			containerPortal = 47AFF85724EF8CF5009D058B /* Project object */;
			proxyType = 1;
			remoteGlobalIDString = 47AFF85E24EF8CF5009D058B;
			remoteInfo = CodingChallenge;
		};
/* End PBXContainerItemProxy section */

/* Begin PBXFileReference section */
		47AFF85F24EF8CF5009D058B /* CodingChallenge.app */ = {isa = PBXFileReference; explicitFileType = wrapper.application; includeInIndex = 0; path = CodingChallenge.app; sourceTree = BUILT_PRODUCTS_DIR; };
		47AFF86224EF8CF5009D058B /* AppDelegate.swift */ = {isa = PBXFileReference; lastKnownFileType = sourcecode.swift; path = AppDelegate.swift; sourceTree = "<group>"; };
		47AFF86424EF8CF5009D058B /* SceneDelegate.swift */ = {isa = PBXFileReference; lastKnownFileType = sourcecode.swift; path = SceneDelegate.swift; sourceTree = "<group>"; };
		47AFF86624EF8CF5009D058B /* UsersViewController.swift */ = {isa = PBXFileReference; lastKnownFileType = sourcecode.swift; path = UsersViewController.swift; sourceTree = "<group>"; };
		47AFF86B24EF8CF6009D058B /* Assets.xcassets */ = {isa = PBXFileReference; lastKnownFileType = folder.assetcatalog; path = Assets.xcassets; sourceTree = "<group>"; };
		47AFF86E24EF8CF6009D058B /* Base */ = {isa = PBXFileReference; lastKnownFileType = file.storyboard; name = Base; path = Base.lproj/LaunchScreen.storyboard; sourceTree = "<group>"; };
		47AFF87024EF8CF6009D058B /* Info.plist */ = {isa = PBXFileReference; lastKnownFileType = text.plist.xml; path = Info.plist; sourceTree = "<group>"; };
		47AFF87524EF8CF6009D058B /* CodingChallengeTests.xctest */ = {isa = PBXFileReference; explicitFileType = wrapper.cfbundle; includeInIndex = 0; path = CodingChallengeTests.xctest; sourceTree = BUILT_PRODUCTS_DIR; };
		47AFF87924EF8CF6009D058B /* CodingChallengeTests.swift */ = {isa = PBXFileReference; lastKnownFileType = sourcecode.swift; path = CodingChallengeTests.swift; sourceTree = "<group>"; };
		47AFF87B24EF8CF6009D058B /* Info.plist */ = {isa = PBXFileReference; lastKnownFileType = text.plist.xml; path = Info.plist; sourceTree = "<group>"; };
		47AFF88024EF8CF6009D058B /* CodingChallengeUITests.xctest */ = {isa = PBXFileReference; explicitFileType = wrapper.cfbundle; includeInIndex = 0; path = CodingChallengeUITests.xctest; sourceTree = BUILT_PRODUCTS_DIR; };
		47AFF88424EF8CF6009D058B /* CodingChallengeUITests.swift */ = {isa = PBXFileReference; lastKnownFileType = sourcecode.swift; path = CodingChallengeUITests.swift; sourceTree = "<group>"; };
		47AFF88624EF8CF6009D058B /* Info.plist */ = {isa = PBXFileReference; lastKnownFileType = text.plist.xml; path = Info.plist; sourceTree = "<group>"; };
		47AFF89224EF8F4A009D058B /* Main.storyboard */ = {isa = PBXFileReference; fileEncoding = 4; lastKnownFileType = file.storyboard; path = Main.storyboard; sourceTree = "<group>"; };
		47AFF89624EF8F9D009D058B /* NavigationController.swift */ = {isa = PBXFileReference; fileEncoding = 4; lastKnownFileType = sourcecode.swift; path = NavigationController.swift; sourceTree = "<group>"; };
		47AFF89924EF926A009D058B /* UsersTableViewCell.swift */ = {isa = PBXFileReference; lastKnownFileType = sourcecode.swift; path = UsersTableViewCell.swift; sourceTree = "<group>"; };
		47AFF89B24EF9414009D058B /* Extensions.swift */ = {isa = PBXFileReference; lastKnownFileType = sourcecode.swift; path = Extensions.swift; sourceTree = "<group>"; };
		47AFF89F24EF95B0009D058B /* UsersManager.swift */ = {isa = PBXFileReference; lastKnownFileType = sourcecode.swift; path = UsersManager.swift; sourceTree = "<group>"; };
		47B1440F24F13F2E00CAE7B0 /* User.swift */ = {isa = PBXFileReference; lastKnownFileType = sourcecode.swift; path = User.swift; sourceTree = "<group>"; };
		47B1441124F14EFA00CAE7B0 /* UserViewController.swift */ = {isa = PBXFileReference; lastKnownFileType = sourcecode.swift; path = UserViewController.swift; sourceTree = "<group>"; };
		47F7311C24F17A120027B41C /* UsersManagerDelegate.swift */ = {isa = PBXFileReference; lastKnownFileType = sourcecode.swift; path = UsersManagerDelegate.swift; sourceTree = "<group>"; };
		47F7312024F186BE0027B41C /* UserTableViewCell.swift */ = {isa = PBXFileReference; lastKnownFileType = sourcecode.swift; path = UserTableViewCell.swift; sourceTree = "<group>"; };
/* End PBXFileReference section */

/* Begin PBXFrameworksBuildPhase section */
		47AFF85C24EF8CF5009D058B /* Frameworks */ = {
			isa = PBXFrameworksBuildPhase;
			buildActionMask = 2147483647;
			files = (
			);
			runOnlyForDeploymentPostprocessing = 0;
		};
		47AFF87224EF8CF6009D058B /* Frameworks */ = {
			isa = PBXFrameworksBuildPhase;
			buildActionMask = 2147483647;
			files = (
			);
			runOnlyForDeploymentPostprocessing = 0;
		};
		47AFF87D24EF8CF6009D058B /* Frameworks */ = {
			isa = PBXFrameworksBuildPhase;
			buildActionMask = 2147483647;
			files = (
			);
			runOnlyForDeploymentPostprocessing = 0;
		};
/* End PBXFrameworksBuildPhase section */

/* Begin PBXGroup section */
		47AFF85624EF8CF5009D058B = {
			isa = PBXGroup;
			children = (
				47AFF86124EF8CF5009D058B /* CodingChallenge */,
				47AFF87824EF8CF6009D058B /* CodingChallengeTests */,
				47AFF88324EF8CF6009D058B /* CodingChallengeUITests */,
				47AFF86024EF8CF5009D058B /* Products */,
			);
			sourceTree = "<group>";
		};
		47AFF86024EF8CF5009D058B /* Products */ = {
			isa = PBXGroup;
			children = (
				47AFF85F24EF8CF5009D058B /* CodingChallenge.app */,
				47AFF87524EF8CF6009D058B /* CodingChallengeTests.xctest */,
				47AFF88024EF8CF6009D058B /* CodingChallengeUITests.xctest */,
			);
			name = Products;
			sourceTree = "<group>";
		};
		47AFF86124EF8CF5009D058B /* CodingChallenge */ = {
			isa = PBXGroup;
			children = (
				47AFF89524EF8F75009D058B /* Controllers */,
				47AFF89424EF8F60009D058B /* AppDelegate */,
				47F7311F24F17A820027B41C /* Helpers */,
				47AFF86B24EF8CF6009D058B /* Assets.xcassets */,
				47AFF89224EF8F4A009D058B /* Main.storyboard */,
				47AFF86D24EF8CF6009D058B /* LaunchScreen.storyboard */,
				47AFF87024EF8CF6009D058B /* Info.plist */,
			);
			path = CodingChallenge;
			sourceTree = "<group>";
		};
		47AFF87824EF8CF6009D058B /* CodingChallengeTests */ = {
			isa = PBXGroup;
			children = (
				47AFF87924EF8CF6009D058B /* CodingChallengeTests.swift */,
				47AFF87B24EF8CF6009D058B /* Info.plist */,
			);
			path = CodingChallengeTests;
			sourceTree = "<group>";
		};
		47AFF88324EF8CF6009D058B /* CodingChallengeUITests */ = {
			isa = PBXGroup;
			children = (
				47AFF88424EF8CF6009D058B /* CodingChallengeUITests.swift */,
				47AFF88624EF8CF6009D058B /* Info.plist */,
			);
			path = CodingChallengeUITests;
			sourceTree = "<group>";
		};
		47AFF89424EF8F60009D058B /* AppDelegate */ = {
			isa = PBXGroup;
			children = (
				47AFF86224EF8CF5009D058B /* AppDelegate.swift */,
				47AFF86424EF8CF5009D058B /* SceneDelegate.swift */,
			);
			path = AppDelegate;
			sourceTree = "<group>";
		};
		47AFF89524EF8F75009D058B /* Controllers */ = {
			isa = PBXGroup;
			children = (
				47AFF89824EF9256009D058B /* Users */,
				47F7311E24F17A610027B41C /* User */,
				47B1440E24F13BDD00CAE7B0 /* NavigationController */,
			);
			path = Controllers;
			sourceTree = "<group>";
		};
		47AFF89824EF9256009D058B /* Users */ = {
			isa = PBXGroup;
			children = (
				47AFF86624EF8CF5009D058B /* UsersViewController.swift */,
				47AFF89E24EF956E009D058B /* Manager */,
				47AFF89D24EF9566009D058B /* VIews */,
				47B1441324F16DBB00CAE7B0 /* Model */,
			);
			path = Users;
			sourceTree = "<group>";
		};
		47AFF89D24EF9566009D058B /* VIews */ = {
			isa = PBXGroup;
			children = (
				47AFF89924EF926A009D058B /* UsersTableViewCell.swift */,
			);
			path = VIews;
			sourceTree = "<group>";
		};
		47AFF89E24EF956E009D058B /* Manager */ = {
			isa = PBXGroup;
			children = (
				47AFF89F24EF95B0009D058B /* UsersManager.swift */,
				47F7311C24F17A120027B41C /* UsersManagerDelegate.swift */,
			);
			path = Manager;
			sourceTree = "<group>";
		};
		47B1440E24F13BDD00CAE7B0 /* NavigationController */ = {
			isa = PBXGroup;
			children = (
				47AFF89624EF8F9D009D058B /* NavigationController.swift */,
			);
			path = NavigationController;
			sourceTree = "<group>";
		};
		47B1441324F16DBB00CAE7B0 /* Model */ = {
			isa = PBXGroup;
			children = (
				47B1440F24F13F2E00CAE7B0 /* User.swift */,
			);
			path = Model;
			sourceTree = "<group>";
		};
		47F7311E24F17A610027B41C /* User */ = {
			isa = PBXGroup;
			children = (
				47B1441124F14EFA00CAE7B0 /* UserViewController.swift */,
				47F7312224F1922A0027B41C /* Views */,
			);
			path = User;
			sourceTree = "<group>";
		};
		47F7311F24F17A820027B41C /* Helpers */ = {
			isa = PBXGroup;
			children = (
				47AFF89B24EF9414009D058B /* Extensions.swift */,
			);
			path = Helpers;
			sourceTree = "<group>";
		};
		47F7312224F1922A0027B41C /* Views */ = {
			isa = PBXGroup;
			children = (
				47F7312024F186BE0027B41C /* UserTableViewCell.swift */,
			);
			path = Views;
			sourceTree = "<group>";
		};
/* End PBXGroup section */

/* Begin PBXNativeTarget section */
		47AFF85E24EF8CF5009D058B /* CodingChallenge */ = {
			isa = PBXNativeTarget;
			buildConfigurationList = 47AFF88924EF8CF6009D058B /* Build configuration list for PBXNativeTarget "CodingChallenge" */;
			buildPhases = (
				47AFF85B24EF8CF5009D058B /* Sources */,
				47AFF85C24EF8CF5009D058B /* Frameworks */,
				47AFF85D24EF8CF5009D058B /* Resources */,
			);
			buildRules = (
			);
			dependencies = (
			);
			name = CodingChallenge;
			productName = CodingChallenge;
			productReference = 47AFF85F24EF8CF5009D058B /* CodingChallenge.app */;
			productType = "com.apple.product-type.application";
		};
		47AFF87424EF8CF6009D058B /* CodingChallengeTests */ = {
			isa = PBXNativeTarget;
			buildConfigurationList = 47AFF88C24EF8CF6009D058B /* Build configuration list for PBXNativeTarget "CodingChallengeTests" */;
			buildPhases = (
				47AFF87124EF8CF6009D058B /* Sources */,
				47AFF87224EF8CF6009D058B /* Frameworks */,
				47AFF87324EF8CF6009D058B /* Resources */,
			);
			buildRules = (
			);
			dependencies = (
				47AFF87724EF8CF6009D058B /* PBXTargetDependency */,
			);
			name = CodingChallengeTests;
			productName = CodingChallengeTests;
			productReference = 47AFF87524EF8CF6009D058B /* CodingChallengeTests.xctest */;
			productType = "com.apple.product-type.bundle.unit-test";
		};
		47AFF87F24EF8CF6009D058B /* CodingChallengeUITests */ = {
			isa = PBXNativeTarget;
			buildConfigurationList = 47AFF88F24EF8CF6009D058B /* Build configuration list for PBXNativeTarget "CodingChallengeUITests" */;
			buildPhases = (
				47AFF87C24EF8CF6009D058B /* Sources */,
				47AFF87D24EF8CF6009D058B /* Frameworks */,
				47AFF87E24EF8CF6009D058B /* Resources */,
			);
			buildRules = (
			);
			dependencies = (
				47AFF88224EF8CF6009D058B /* PBXTargetDependency */,
			);
			name = CodingChallengeUITests;
			productName = CodingChallengeUITests;
			productReference = 47AFF88024EF8CF6009D058B /* CodingChallengeUITests.xctest */;
			productType = "com.apple.product-type.bundle.ui-testing";
		};
/* End PBXNativeTarget section */

/* Begin PBXProject section */
		47AFF85724EF8CF5009D058B /* Project object */ = {
			isa = PBXProject;
			attributes = {
				LastSwiftUpdateCheck = 1160;
				LastUpgradeCheck = 1160;
				ORGANIZATIONNAME = "Aung Ko Min";
				TargetAttributes = {
					47AFF85E24EF8CF5009D058B = {
						CreatedOnToolsVersion = 11.6;
					};
					47AFF87424EF8CF6009D058B = {
						CreatedOnToolsVersion = 11.6;
						TestTargetID = 47AFF85E24EF8CF5009D058B;
					};
					47AFF87F24EF8CF6009D058B = {
						CreatedOnToolsVersion = 11.6;
						TestTargetID = 47AFF85E24EF8CF5009D058B;
					};
				};
			};
			buildConfigurationList = 47AFF85A24EF8CF5009D058B /* Build configuration list for PBXProject "CodingChallenge" */;
			compatibilityVersion = "Xcode 9.3";
			developmentRegion = en;
			hasScannedForEncodings = 0;
			knownRegions = (
				en,
				Base,
			);
			mainGroup = 47AFF85624EF8CF5009D058B;
			productRefGroup = 47AFF86024EF8CF5009D058B /* Products */;
			projectDirPath = "";
			projectRoot = "";
			targets = (
				47AFF85E24EF8CF5009D058B /* CodingChallenge */,
				47AFF87424EF8CF6009D058B /* CodingChallengeTests */,
				47AFF87F24EF8CF6009D058B /* CodingChallengeUITests */,
			);
		};
/* End PBXProject section */

/* Begin PBXResourcesBuildPhase section */
		47AFF85D24EF8CF5009D058B /* Resources */ = {
			isa = PBXResourcesBuildPhase;
			buildActionMask = 2147483647;
			files = (
				47AFF89324EF8F4A009D058B /* Main.storyboard in Resources */,
				47AFF86F24EF8CF6009D058B /* LaunchScreen.storyboard in Resources */,
				47AFF86C24EF8CF6009D058B /* Assets.xcassets in Resources */,
			);
			runOnlyForDeploymentPostprocessing = 0;
		};
		47AFF87324EF8CF6009D058B /* Resources */ = {
			isa = PBXResourcesBuildPhase;
			buildActionMask = 2147483647;
			files = (
			);
			runOnlyForDeploymentPostprocessing = 0;
		};
		47AFF87E24EF8CF6009D058B /* Resources */ = {
			isa = PBXResourcesBuildPhase;
			buildActionMask = 2147483647;
			files = (
			);
			runOnlyForDeploymentPostprocessing = 0;
		};
/* End PBXResourcesBuildPhase section */

/* Begin PBXSourcesBuildPhase section */
		47AFF85B24EF8CF5009D058B /* Sources */ = {
			isa = PBXSourcesBuildPhase;
			buildActionMask = 2147483647;
			files = (
				47AFF89A24EF926A009D058B /* UsersTableViewCell.swift in Sources */,
				47F7311D24F17A120027B41C /* UsersManagerDelegate.swift in Sources */,
				47F7312124F186BE0027B41C /* UserTableViewCell.swift in Sources */,
				47B1441224F14EFA00CAE7B0 /* UserViewController.swift in Sources */,
				47AFF89C24EF9414009D058B /* Extensions.swift in Sources */,
				47AFF86724EF8CF5009D058B /* UsersViewController.swift in Sources */,
				47AFF89724EF8F9D009D058B /* NavigationController.swift in Sources */,
				47B1441024F13F2E00CAE7B0 /* User.swift in Sources */,
				47AFF86324EF8CF5009D058B /* AppDelegate.swift in Sources */,
				47AFF86524EF8CF5009D058B /* SceneDelegate.swift in Sources */,
				47AFF8A024EF95B0009D058B /* UsersManager.swift in Sources */,
			);
			runOnlyForDeploymentPostprocessing = 0;
		};
		47AFF87124EF8CF6009D058B /* Sources */ = {
			isa = PBXSourcesBuildPhase;
			buildActionMask = 2147483647;
			files = (
				47AFF87A24EF8CF6009D058B /* CodingChallengeTests.swift in Sources */,
			);
			runOnlyForDeploymentPostprocessing = 0;
		};
		47AFF87C24EF8CF6009D058B /* Sources */ = {
			isa = PBXSourcesBuildPhase;
			buildActionMask = 2147483647;
			files = (
				47AFF88524EF8CF6009D058B /* CodingChallengeUITests.swift in Sources */,
			);
			runOnlyForDeploymentPostprocessing = 0;
		};
/* End PBXSourcesBuildPhase section */

/* Begin PBXTargetDependency section */
		47AFF87724EF8CF6009D058B /* PBXTargetDependency */ = {
			isa = PBXTargetDependency;
			target = 47AFF85E24EF8CF5009D058B /* CodingChallenge */;
			targetProxy = 47AFF87624EF8CF6009D058B /* PBXContainerItemProxy */;
		};
		47AFF88224EF8CF6009D058B /* PBXTargetDependency */ = {
			isa = PBXTargetDependency;
			target = 47AFF85E24EF8CF5009D058B /* CodingChallenge */;
			targetProxy = 47AFF88124EF8CF6009D058B /* PBXContainerItemProxy */;
		};
/* End PBXTargetDependency section */

/* Begin PBXVariantGroup section */
		47AFF86D24EF8CF6009D058B /* LaunchScreen.storyboard */ = {
			isa = PBXVariantGroup;
			children = (
				47AFF86E24EF8CF6009D058B /* Base */,
			);
			name = LaunchScreen.storyboard;
			sourceTree = "<group>";
		};
/* End PBXVariantGroup section */

/* Begin XCBuildConfiguration section */
		47AFF88724EF8CF6009D058B /* Debug */ = {
			isa = XCBuildConfiguration;
			buildSettings = {
				ALWAYS_SEARCH_USER_PATHS = NO;
				CLANG_ANALYZER_NONNULL = YES;
				CLANG_ANALYZER_NUMBER_OBJECT_CONVERSION = YES_AGGRESSIVE;
				CLANG_CXX_LANGUAGE_STANDARD = "gnu++14";
				CLANG_CXX_LIBRARY = "libc++";
				CLANG_ENABLE_MODULES = YES;
				CLANG_ENABLE_OBJC_ARC = YES;
				CLANG_ENABLE_OBJC_WEAK = YES;
				CLANG_WARN_BLOCK_CAPTURE_AUTORELEASING = YES;
				CLANG_WARN_BOOL_CONVERSION = YES;
				CLANG_WARN_COMMA = YES;
				CLANG_WARN_CONSTANT_CONVERSION = YES;
				CLANG_WARN_DEPRECATED_OBJC_IMPLEMENTATIONS = YES;
				CLANG_WARN_DIRECT_OBJC_ISA_USAGE = YES_ERROR;
				CLANG_WARN_DOCUMENTATION_COMMENTS = YES;
				CLANG_WARN_EMPTY_BODY = YES;
				CLANG_WARN_ENUM_CONVERSION = YES;
				CLANG_WARN_INFINITE_RECURSION = YES;
				CLANG_WARN_INT_CONVERSION = YES;
				CLANG_WARN_NON_LITERAL_NULL_CONVERSION = YES;
				CLANG_WARN_OBJC_IMPLICIT_RETAIN_SELF = YES;
				CLANG_WARN_OBJC_LITERAL_CONVERSION = YES;
				CLANG_WARN_OBJC_ROOT_CLASS = YES_ERROR;
				CLANG_WARN_RANGE_LOOP_ANALYSIS = YES;
				CLANG_WARN_STRICT_PROTOTYPES = YES;
				CLANG_WARN_SUSPICIOUS_MOVE = YES;
				CLANG_WARN_UNGUARDED_AVAILABILITY = YES_AGGRESSIVE;
				CLANG_WARN_UNREACHABLE_CODE = YES;
				CLANG_WARN__DUPLICATE_METHOD_MATCH = YES;
				COPY_PHASE_STRIP = NO;
				DEBUG_INFORMATION_FORMAT = dwarf;
				ENABLE_STRICT_OBJC_MSGSEND = YES;
				ENABLE_TESTABILITY = YES;
				GCC_C_LANGUAGE_STANDARD = gnu11;
				GCC_DYNAMIC_NO_PIC = NO;
				GCC_NO_COMMON_BLOCKS = YES;
				GCC_OPTIMIZATION_LEVEL = 0;
				GCC_PREPROCESSOR_DEFINITIONS = (
					"DEBUG=1",
					"$(inherited)",
				);
				GCC_WARN_64_TO_32_BIT_CONVERSION = YES;
				GCC_WARN_ABOUT_RETURN_TYPE = YES_ERROR;
				GCC_WARN_UNDECLARED_SELECTOR = YES;
				GCC_WARN_UNINITIALIZED_AUTOS = YES_AGGRESSIVE;
				GCC_WARN_UNUSED_FUNCTION = YES;
				GCC_WARN_UNUSED_VARIABLE = YES;
				IPHONEOS_DEPLOYMENT_TARGET = 13.6;
				MTL_ENABLE_DEBUG_INFO = INCLUDE_SOURCE;
				MTL_FAST_MATH = YES;
				ONLY_ACTIVE_ARCH = YES;
				SDKROOT = iphoneos;
				SWIFT_ACTIVE_COMPILATION_CONDITIONS = DEBUG;
				SWIFT_OPTIMIZATION_LEVEL = "-Onone";
			};
			name = Debug;
		};
		47AFF88824EF8CF6009D058B /* Release */ = {
			isa = XCBuildConfiguration;
			buildSettings = {
				ALWAYS_SEARCH_USER_PATHS = NO;
				CLANG_ANALYZER_NONNULL = YES;
				CLANG_ANALYZER_NUMBER_OBJECT_CONVERSION = YES_AGGRESSIVE;
				CLANG_CXX_LANGUAGE_STANDARD = "gnu++14";
				CLANG_CXX_LIBRARY = "libc++";
				CLANG_ENABLE_MODULES = YES;
				CLANG_ENABLE_OBJC_ARC = YES;
				CLANG_ENABLE_OBJC_WEAK = YES;
				CLANG_WARN_BLOCK_CAPTURE_AUTORELEASING = YES;
				CLANG_WARN_BOOL_CONVERSION = YES;
				CLANG_WARN_COMMA = YES;
				CLANG_WARN_CONSTANT_CONVERSION = YES;
				CLANG_WARN_DEPRECATED_OBJC_IMPLEMENTATIONS = YES;
				CLANG_WARN_DIRECT_OBJC_ISA_USAGE = YES_ERROR;
				CLANG_WARN_DOCUMENTATION_COMMENTS = YES;
				CLANG_WARN_EMPTY_BODY = YES;
				CLANG_WARN_ENUM_CONVERSION = YES;
				CLANG_WARN_INFINITE_RECURSION = YES;
				CLANG_WARN_INT_CONVERSION = YES;
				CLANG_WARN_NON_LITERAL_NULL_CONVERSION = YES;
				CLANG_WARN_OBJC_IMPLICIT_RETAIN_SELF = YES;
				CLANG_WARN_OBJC_LITERAL_CONVERSION = YES;
				CLANG_WARN_OBJC_ROOT_CLASS = YES_ERROR;
				CLANG_WARN_RANGE_LOOP_ANALYSIS = YES;
				CLANG_WARN_STRICT_PROTOTYPES = YES;
				CLANG_WARN_SUSPICIOUS_MOVE = YES;
				CLANG_WARN_UNGUARDED_AVAILABILITY = YES_AGGRESSIVE;
				CLANG_WARN_UNREACHABLE_CODE = YES;
				CLANG_WARN__DUPLICATE_METHOD_MATCH = YES;
				COPY_PHASE_STRIP = NO;
				DEBUG_INFORMATION_FORMAT = "dwarf-with-dsym";
				ENABLE_NS_ASSERTIONS = NO;
				ENABLE_STRICT_OBJC_MSGSEND = YES;
				GCC_C_LANGUAGE_STANDARD = gnu11;
				GCC_NO_COMMON_BLOCKS = YES;
				GCC_WARN_64_TO_32_BIT_CONVERSION = YES;
				GCC_WARN_ABOUT_RETURN_TYPE = YES_ERROR;
				GCC_WARN_UNDECLARED_SELECTOR = YES;
				GCC_WARN_UNINITIALIZED_AUTOS = YES_AGGRESSIVE;
				GCC_WARN_UNUSED_FUNCTION = YES;
				GCC_WARN_UNUSED_VARIABLE = YES;
				IPHONEOS_DEPLOYMENT_TARGET = 13.6;
				MTL_ENABLE_DEBUG_INFO = NO;
				MTL_FAST_MATH = YES;
				SDKROOT = iphoneos;
				SWIFT_COMPILATION_MODE = wholemodule;
				SWIFT_OPTIMIZATION_LEVEL = "-O";
				VALIDATE_PRODUCT = YES;
			};
			name = Release;
		};
		47AFF88A24EF8CF6009D058B /* Debug */ = {
			isa = XCBuildConfiguration;
			buildSettings = {
				ASSETCATALOG_COMPILER_APPICON_NAME = AppIcon;
				CODE_SIGN_STYLE = Automatic;
				DEVELOPMENT_TEAM = HJ9L53D9PB;
				INFOPLIST_FILE = CodingChallenge/Info.plist;
				LD_RUNPATH_SEARCH_PATHS = (
					"$(inherited)",
					"@executable_path/Frameworks",
				);
				PRODUCT_BUNDLE_IDENTIFIER = com.jonahaung.CodingChallenge;
				PRODUCT_NAME = "$(TARGET_NAME)";
				SWIFT_VERSION = 5.0;
				TARGETED_DEVICE_FAMILY = "1,2";
			};
			name = Debug;
		};
		47AFF88B24EF8CF6009D058B /* Release */ = {
			isa = XCBuildConfiguration;
			buildSettings = {
				ASSETCATALOG_COMPILER_APPICON_NAME = AppIcon;
				CODE_SIGN_STYLE = Automatic;
				DEVELOPMENT_TEAM = HJ9L53D9PB;
				INFOPLIST_FILE = CodingChallenge/Info.plist;
				LD_RUNPATH_SEARCH_PATHS = (
					"$(inherited)",
					"@executable_path/Frameworks",
				);
				PRODUCT_BUNDLE_IDENTIFIER = com.jonahaung.CodingChallenge;
				PRODUCT_NAME = "$(TARGET_NAME)";
				SWIFT_VERSION = 5.0;
				TARGETED_DEVICE_FAMILY = "1,2";
			};
			name = Release;
		};
		47AFF88D24EF8CF6009D058B /* Debug */ = {
			isa = XCBuildConfiguration;
			buildSettings = {
				ALWAYS_EMBED_SWIFT_STANDARD_LIBRARIES = YES;
				BUNDLE_LOADER = "$(TEST_HOST)";
				CODE_SIGN_STYLE = Automatic;
				DEVELOPMENT_TEAM = HJ9L53D9PB;
				INFOPLIST_FILE = CodingChallengeTests/Info.plist;
				IPHONEOS_DEPLOYMENT_TARGET = 13.6;
				LD_RUNPATH_SEARCH_PATHS = (
					"$(inherited)",
					"@executable_path/Frameworks",
					"@loader_path/Frameworks",
				);
				PRODUCT_BUNDLE_IDENTIFIER = com.jonahaung.CodingChallengeTests;
				PRODUCT_NAME = "$(TARGET_NAME)";
				SWIFT_VERSION = 5.0;
				TARGETED_DEVICE_FAMILY = "1,2";
				TEST_HOST = "$(BUILT_PRODUCTS_DIR)/CodingChallenge.app/CodingChallenge";
			};
			name = Debug;
		};
		47AFF88E24EF8CF6009D058B /* Release */ = {
			isa = XCBuildConfiguration;
			buildSettings = {
				ALWAYS_EMBED_SWIFT_STANDARD_LIBRARIES = YES;
				BUNDLE_LOADER = "$(TEST_HOST)";
				CODE_SIGN_STYLE = Automatic;
				DEVELOPMENT_TEAM = HJ9L53D9PB;
				INFOPLIST_FILE = CodingChallengeTests/Info.plist;
				IPHONEOS_DEPLOYMENT_TARGET = 13.6;
				LD_RUNPATH_SEARCH_PATHS = (
					"$(inherited)",
					"@executable_path/Frameworks",
					"@loader_path/Frameworks",
				);
				PRODUCT_BUNDLE_IDENTIFIER = com.jonahaung.CodingChallengeTests;
				PRODUCT_NAME = "$(TARGET_NAME)";
				SWIFT_VERSION = 5.0;
				TARGETED_DEVICE_FAMILY = "1,2";
				TEST_HOST = "$(BUILT_PRODUCTS_DIR)/CodingChallenge.app/CodingChallenge";
			};
			name = Release;
		};
		47AFF89024EF8CF6009D058B /* Debug */ = {
			isa = XCBuildConfiguration;
			buildSettings = {
				ALWAYS_EMBED_SWIFT_STANDARD_LIBRARIES = YES;
				CODE_SIGN_STYLE = Automatic;
				DEVELOPMENT_TEAM = HJ9L53D9PB;
				INFOPLIST_FILE = CodingChallengeUITests/Info.plist;
				LD_RUNPATH_SEARCH_PATHS = (
					"$(inherited)",
					"@executable_path/Frameworks",
					"@loader_path/Frameworks",
				);
				PRODUCT_BUNDLE_IDENTIFIER = com.jonahaung.CodingChallengeUITests;
				PRODUCT_NAME = "$(TARGET_NAME)";
				SWIFT_VERSION = 5.0;
				TARGETED_DEVICE_FAMILY = "1,2";
				TEST_TARGET_NAME = CodingChallenge;
			};
			name = Debug;
		};
		47AFF89124EF8CF6009D058B /* Release */ = {
			isa = XCBuildConfiguration;
			buildSettings = {
				ALWAYS_EMBED_SWIFT_STANDARD_LIBRARIES = YES;
				CODE_SIGN_STYLE = Automatic;
				DEVELOPMENT_TEAM = HJ9L53D9PB;
				INFOPLIST_FILE = CodingChallengeUITests/Info.plist;
				LD_RUNPATH_SEARCH_PATHS = (
					"$(inherited)",
					"@executable_path/Frameworks",
					"@loader_path/Frameworks",
				);
				PRODUCT_BUNDLE_IDENTIFIER = com.jonahaung.CodingChallengeUITests;
				PRODUCT_NAME = "$(TARGET_NAME)";
				SWIFT_VERSION = 5.0;
				TARGETED_DEVICE_FAMILY = "1,2";
				TEST_TARGET_NAME = CodingChallenge;
			};
			name = Release;
		};
/* End XCBuildConfiguration section */

/* Begin XCConfigurationList section */
		47AFF85A24EF8CF5009D058B /* Build configuration list for PBXProject "CodingChallenge" */ = {
			isa = XCConfigurationList;
			buildConfigurations = (
				47AFF88724EF8CF6009D058B /* Debug */,
				47AFF88824EF8CF6009D058B /* Release */,
			);
			defaultConfigurationIsVisible = 0;
			defaultConfigurationName = Release;
		};
		47AFF88924EF8CF6009D058B /* Build configuration list for PBXNativeTarget "CodingChallenge" */ = {
			isa = XCConfigurationList;
			buildConfigurations = (
				47AFF88A24EF8CF6009D058B /* Debug */,
				47AFF88B24EF8CF6009D058B /* Release */,
			);
			defaultConfigurationIsVisible = 0;
			defaultConfigurationName = Release;
		};
		47AFF88C24EF8CF6009D058B /* Build configuration list for PBXNativeTarget "CodingChallengeTests" */ = {
			isa = XCConfigurationList;
			buildConfigurations = (
				47AFF88D24EF8CF6009D058B /* Debug */,
				47AFF88E24EF8CF6009D058B /* Release */,
			);
			defaultConfigurationIsVisible = 0;
			defaultConfigurationName = Release;
		};
		47AFF88F24EF8CF6009D058B /* Build configuration list for PBXNativeTarget "CodingChallengeUITests" */ = {
			isa = XCConfigurationList;
			buildConfigurations = (
				47AFF89024EF8CF6009D058B /* Debug */,
				47AFF89124EF8CF6009D058B /* Release */,
			);
			defaultConfigurationIsVisible = 0;
			defaultConfigurationName = Release;
		};
/* End XCConfigurationList section */
	};
	rootObject = 47AFF85724EF8CF5009D058B /* Project object */;
}
